
Microsoft Visual Studio Solution File, Format Version 12.00
# Visual Studio Version 17
VisualStudioVersion = 17.0.32126.317
MinimumVisualStudioVersion = 10.0.40219.1
Project("{FAE04EC0-301F-11D3-BF4B-00C04F79EFBC}") = "FinanceMgmtAPIService", "FinanceMgmtAPIService\FinanceMgmtAPIService.csproj", "{EF742849-1EDD-46CC-9594-DE0D64799989}"
EndProject
Project("{FAE04EC0-301F-11D3-BF4B-00C04F79EFBC}") = "FinanceMgmtReporsitory", "FinanceMgmtReporsitory\FinanceMgmtReporsitory.csproj", "{BDBD5076-9259-472D-A7CA-36F3E0536036}"
EndProject
Global
	GlobalSection(SolutionConfigurationPlatforms) = preSolution
		Debug|Any CPU = Debug|Any CPU
		Release|Any CPU = Release|Any CPU
	EndGlobalSection
	GlobalSection(ProjectConfigurationPlatforms) = postSolution
		{EF742849-1EDD-46CC-9594-DE0D64799989}.Debug|Any CPU.ActiveCfg = Debug|Any CPU
		{EF742849-1EDD-46CC-9594-DE0D64799989}.Debug|Any CPU.Build.0 = Debug|Any CPU
		{EF742849-1EDD-46CC-9594-DE0D64799989}.Release|Any CPU.ActiveCfg = Release|Any CPU
		{EF742849-1EDD-46CC-9594-DE0D64799989}.Release|Any CPU.Build.0 = Release|Any CPU
		{BDBD5076-9259-472D-A7CA-36F3E0536036}.Debug|Any CPU.ActiveCfg = Debug|Any CPU
		{BDBD5076-9259-472D-A7CA-36F3E0536036}.Debug|Any CPU.Build.0 = Debug|Any CPU
		{BDBD5076-9259-472D-A7CA-36F3E0536036}.Release|Any CPU.ActiveCfg = Release|Any CPU
		{BDBD5076-9259-472D-A7CA-36F3E0536036}.Release|Any CPU.Build.0 = Release|Any CPU
	EndGlobalSection
	GlobalSection(SolutionProperties) = preSolution
		HideSolutionNode = FALSE
	EndGlobalSection
	GlobalSection(ExtensibilityGlobals) = postSolution
		SolutionGuid = {255B316D-74DA-4006-85A2-B819D032BDCD}
	EndGlobalSection
EndGlobal
